// !$*UTF8*$!
{
	archiveVersion = 1;
	classes = {
	};
	objectVersion = 50;
	objects = {

/* Begin PBXBuildFile section */
		6C7D8B1A218C553D00AC8372 /* AppDelegate.swift in Sources */ = {isa = PBXBuildFile; fileRef = 6C7D8B19218C553D00AC8372 /* AppDelegate.swift */; };
		6C7D8B1C218C553D00AC8372 /* ViewController.swift in Sources */ = {isa = PBXBuildFile; fileRef = 6C7D8B1B218C553D00AC8372 /* ViewController.swift */; };
		6C7D8B1F218C553D00AC8372 /* Main.storyboard in Resources */ = {isa = PBXBuildFile; fileRef = 6C7D8B1D218C553D00AC8372 /* Main.storyboard */; };
		6C7D8B21218C554200AC8372 /* Assets.xcassets in Resources */ = {isa = PBXBuildFile; fileRef = 6C7D8B20218C554200AC8372 /* Assets.xcassets */; };
		6C7D8B24218C554200AC8372 /* LaunchScreen.storyboard in Resources */ = {isa = PBXBuildFile; fileRef = 6C7D8B22218C554200AC8372 /* LaunchScreen.storyboard */; };
		6C7D8B2F218C554200AC8372 /* FadingNavLayoutsTests.swift in Sources */ = {isa = PBXBuildFile; fileRef = 6C7D8B2E218C554200AC8372 /* FadingNavLayoutsTests.swift */; };
		6C7D8B3A218C554200AC8372 /* FadingNavLayoutsUITests.swift in Sources */ = {isa = PBXBuildFile; fileRef = 6C7D8B39218C554200AC8372 /* FadingNavLayoutsUITests.swift */; };
/* End PBXBuildFile section */

/* Begin PBXContainerItemProxy section */
		6C7D8B2B218C554200AC8372 /* PBXContainerItemProxy */ = {
			isa = PBXContainerItemProxy;
			containerPortal = 6C7D8B0E218C553D00AC8372 /* Project object */;
			proxyType = 1;
			remoteGlobalIDString = 6C7D8B15218C553D00AC8372;
			remoteInfo = FadingNavLayouts;
		};
		6C7D8B36218C554200AC8372 /* PBXContainerItemProxy */ = {
			isa = PBXContainerItemProxy;
			containerPortal = 6C7D8B0E218C553D00AC8372 /* Project object */;
			proxyType = 1;
			remoteGlobalIDString = 6C7D8B15218C553D00AC8372;
			remoteInfo = FadingNavLayouts;
		};
/* End PBXContainerItemProxy section */

/* Begin PBXFileReference section */
		6C7D8B16218C553D00AC8372 /* FadingNavLayouts.app */ = {isa = PBXFileReference; explicitFileType = wrapper.application; includeInIndex = 0; path = FadingNavLayouts.app; sourceTree = BUILT_PRODUCTS_DIR; };
		6C7D8B19218C553D00AC8372 /* AppDelegate.swift */ = {isa = PBXFileReference; lastKnownFileType = sourcecode.swift; path = AppDelegate.swift; sourceTree = "<group>"; };
		6C7D8B1B218C553D00AC8372 /* ViewController.swift */ = {isa = PBXFileReference; lastKnownFileType = sourcecode.swift; path = ViewController.swift; sourceTree = "<group>"; };
		6C7D8B1E218C553D00AC8372 /* Base */ = {isa = PBXFileReference; lastKnownFileType = file.storyboard; name = Base; path = Base.lproj/Main.storyboard; sourceTree = "<group>"; };
		6C7D8B20218C554200AC8372 /* Assets.xcassets */ = {isa = PBXFileReference; lastKnownFileType = folder.assetcatalog; path = Assets.xcassets; sourceTree = "<group>"; };
		6C7D8B23218C554200AC8372 /* Base */ = {isa = PBXFileReference; lastKnownFileType = file.storyboard; name = Base; path = Base.lproj/LaunchScreen.storyboard; sourceTree = "<group>"; };
		6C7D8B25218C554200AC8372 /* Info.plist */ = {isa = PBXFileReference; lastKnownFileType = text.plist.xml; path = Info.plist; sourceTree = "<group>"; };
		6C7D8B2A218C554200AC8372 /* FadingNavLayoutsTests.xctest */ = {isa = PBXFileReference; explicitFileType = wrapper.cfbundle; includeInIndex = 0; path = FadingNavLayoutsTests.xctest; sourceTree = BUILT_PRODUCTS_DIR; };
		6C7D8B2E218C554200AC8372 /* FadingNavLayoutsTests.swift */ = {isa = PBXFileReference; lastKnownFileType = sourcecode.swift; path = FadingNavLayoutsTests.swift; sourceTree = "<group>"; };
		6C7D8B30218C554200AC8372 /* Info.plist */ = {isa = PBXFileReference; lastKnownFileType = text.plist.xml; path = Info.plist; sourceTree = "<group>"; };
		6C7D8B35218C554200AC8372 /* FadingNavLayoutsUITests.xctest */ = {isa = PBXFileReference; explicitFileType = wrapper.cfbundle; includeInIndex = 0; path = FadingNavLayoutsUITests.xctest; sourceTree = BUILT_PRODUCTS_DIR; };
		6C7D8B39218C554200AC8372 /* FadingNavLayoutsUITests.swift */ = {isa = PBXFileReference; lastKnownFileType = sourcecode.swift; path = FadingNavLayoutsUITests.swift; sourceTree = "<group>"; };
		6C7D8B3B218C554200AC8372 /* Info.plist */ = {isa = PBXFileReference; lastKnownFileType = text.plist.xml; path = Info.plist; sourceTree = "<group>"; };
/* End PBXFileReference section */

/* Begin PBXFrameworksBuildPhase section */
		6C7D8B13218C553D00AC8372 /* Frameworks */ = {
			isa = PBXFrameworksBuildPhase;
			buildActionMask = 2147483647;
			files = (
			);
			runOnlyForDeploymentPostprocessing = 0;
		};
		6C7D8B27218C554200AC8372 /* Frameworks */ = {
			isa = PBXFrameworksBuildPhase;
			buildActionMask = 2147483647;
			files = (
			);
			runOnlyForDeploymentPostprocessing = 0;
		};
		6C7D8B32218C554200AC8372 /* Frameworks */ = {
			isa = PBXFrameworksBuildPhase;
			buildActionMask = 2147483647;
			files = (
			);
			runOnlyForDeploymentPostprocessing = 0;
		};
/* End PBXFrameworksBuildPhase section */

/* Begin PBXGroup section */
		6C7D8B0D218C553D00AC8372 = {
			isa = PBXGroup;
			children = (
				6C7D8B18218C553D00AC8372 /* FadingNavLayouts */,
				6C7D8B2D218C554200AC8372 /* FadingNavLayoutsTests */,
				6C7D8B38218C554200AC8372 /* FadingNavLayoutsUITests */,
				6C7D8B17218C553D00AC8372 /* Products */,
			);
			sourceTree = "<group>";
		};
		6C7D8B17218C553D00AC8372 /* Products */ = {
			isa = PBXGroup;
			children = (
				6C7D8B16218C553D00AC8372 /* FadingNavLayouts.app */,
				6C7D8B2A218C554200AC8372 /* FadingNavLayoutsTests.xctest */,
				6C7D8B35218C554200AC8372 /* FadingNavLayoutsUITests.xctest */,
			);
			name = Products;
			sourceTree = "<group>";
		};
		6C7D8B18218C553D00AC8372 /* FadingNavLayouts */ = {
			isa = PBXGroup;
			children = (
				6C7D8B19218C553D00AC8372 /* AppDelegate.swift */,
				6C7D8B1B218C553D00AC8372 /* ViewController.swift */,
				6C7D8B1D218C553D00AC8372 /* Main.storyboard */,
				6C7D8B20218C554200AC8372 /* Assets.xcassets */,
				6C7D8B22218C554200AC8372 /* LaunchScreen.storyboard */,
				6C7D8B25218C554200AC8372 /* Info.plist */,
			);
			path = FadingNavLayouts;
			sourceTree = "<group>";
		};
		6C7D8B2D218C554200AC8372 /* FadingNavLayoutsTests */ = {
			isa = PBXGroup;
			children = (
				6C7D8B2E218C554200AC8372 /* FadingNavLayoutsTests.swift */,
				6C7D8B30218C554200AC8372 /* Info.plist */,
			);
			path = FadingNavLayoutsTests;
			sourceTree = "<group>";
		};
		6C7D8B38218C554200AC8372 /* FadingNavLayoutsUITests */ = {
			isa = PBXGroup;
			children = (
				6C7D8B39218C554200AC8372 /* FadingNavLayoutsUITests.swift */,
				6C7D8B3B218C554200AC8372 /* Info.plist */,
			);
			path = FadingNavLayoutsUITests;
			sourceTree = "<group>";
		};
/* End PBXGroup section */

/* Begin PBXNativeTarget section */
		6C7D8B15218C553D00AC8372 /* FadingNavLayouts */ = {
			isa = PBXNativeTarget;
			buildConfigurationList = 6C7D8B3E218C554200AC8372 /* Build configuration list for PBXNativeTarget "FadingNavLayouts" */;
			buildPhases = (
				6C7D8B12218C553D00AC8372 /* Sources */,
				6C7D8B13218C553D00AC8372 /* Frameworks */,
				6C7D8B14218C553D00AC8372 /* Resources */,
			);
			buildRules = (
			);
			dependencies = (
			);
			name = FadingNavLayouts;
			productName = FadingNavLayouts;
			productReference = 6C7D8B16218C553D00AC8372 /* FadingNavLayouts.app */;
			productType = "com.apple.product-type.application";
		};
		6C7D8B29218C554200AC8372 /* FadingNavLayoutsTests */ = {
			isa = PBXNativeTarget;
			buildConfigurationList = 6C7D8B41218C554200AC8372 /* Build configuration list for PBXNativeTarget "FadingNavLayoutsTests" */;
			buildPhases = (
				6C7D8B26218C554200AC8372 /* Sources */,
				6C7D8B27218C554200AC8372 /* Frameworks */,
				6C7D8B28218C554200AC8372 /* Resources */,
			);
			buildRules = (
			);
			dependencies = (
				6C7D8B2C218C554200AC8372 /* PBXTargetDependency */,
			);
			name = FadingNavLayoutsTests;
			productName = FadingNavLayoutsTests;
			productReference = 6C7D8B2A218C554200AC8372 /* FadingNavLayoutsTests.xctest */;
			productType = "com.apple.product-type.bundle.unit-test";
		};
		6C7D8B34218C554200AC8372 /* FadingNavLayoutsUITests */ = {
			isa = PBXNativeTarget;
			buildConfigurationList = 6C7D8B44218C554200AC8372 /* Build configuration list for PBXNativeTarget "FadingNavLayoutsUITests" */;
			buildPhases = (
				6C7D8B31218C554200AC8372 /* Sources */,
				6C7D8B32218C554200AC8372 /* Frameworks */,
				6C7D8B33218C554200AC8372 /* Resources */,
			);
			buildRules = (
			);
			dependencies = (
				6C7D8B37218C554200AC8372 /* PBXTargetDependency */,
			);
			name = FadingNavLayoutsUITests;
			productName = FadingNavLayoutsUITests;
			productReference = 6C7D8B35218C554200AC8372 /* FadingNavLayoutsUITests.xctest */;
			productType = "com.apple.product-type.bundle.ui-testing";
		};
/* End PBXNativeTarget section */

/* Begin PBXProject section */
		6C7D8B0E218C553D00AC8372 /* Project object */ = {
			isa = PBXProject;
			attributes = {
				LastSwiftUpdateCheck = 0930;
				LastUpgradeCheck = 0930;
				ORGANIZATIONNAME = elhami;
				TargetAttributes = {
					6C7D8B15218C553D00AC8372 = {
						CreatedOnToolsVersion = 9.3;
					};
					6C7D8B29218C554200AC8372 = {
						CreatedOnToolsVersion = 9.3;
						TestTargetID = 6C7D8B15218C553D00AC8372;
					};
					6C7D8B34218C554200AC8372 = {
						CreatedOnToolsVersion = 9.3;
						TestTargetID = 6C7D8B15218C553D00AC8372;
					};
				};
			};
			buildConfigurationList = 6C7D8B11218C553D00AC8372 /* Build configuration list for PBXProject "FadingNavLayouts" */;
			compatibilityVersion = "Xcode 9.3";
			developmentRegion = en;
			hasScannedForEncodings = 0;
			knownRegions = (
				en,
				Base,
			);
			mainGroup = 6C7D8B0D218C553D00AC8372;
			productRefGroup = 6C7D8B17218C553D00AC8372 /* Products */;
			projectDirPath = "";
			projectRoot = "";
			targets = (
				6C7D8B15218C553D00AC8372 /* FadingNavLayouts */,
				6C7D8B29218C554200AC8372 /* FadingNavLayoutsTests */,
				6C7D8B34218C554200AC8372 /* FadingNavLayoutsUITests */,
			);
		};
/* End PBXProject section */

/* Begin PBXResourcesBuildPhase section */
		6C7D8B14218C553D00AC8372 /* Resources */ = {
			isa = PBXResourcesBuildPhase;
			buildActionMask = 2147483647;
			files = (
				6C7D8B24218C554200AC8372 /* LaunchScreen.storyboard in Resources */,
				6C7D8B21218C554200AC8372 /* Assets.xcassets in Resources */,
				6C7D8B1F218C553D00AC8372 /* Main.storyboard in Resources */,
			);
			runOnlyForDeploymentPostprocessing = 0;
		};
		6C7D8B28218C554200AC8372 /* Resources */ = {
			isa = PBXResourcesBuildPhase;
			buildActionMask = 2147483647;
			files = (
			);
			runOnlyForDeploymentPostprocessing = 0;
		};
		6C7D8B33218C554200AC8372 /* Resources */ = {
			isa = PBXResourcesBuildPhase;
			buildActionMask = 2147483647;
			files = (
			);
			runOnlyForDeploymentPostprocessing = 0;
		};
/* End PBXResourcesBuildPhase section */

/* Begin PBXSourcesBuildPhase section */
		6C7D8B12218C553D00AC8372 /* Sources */ = {
			isa = PBXSourcesBuildPhase;
			buildActionMask = 2147483647;
			files = (
				6C7D8B1C218C553D00AC8372 /* ViewController.swift in Sources */,
				6C7D8B1A218C553D00AC8372 /* AppDelegate.swift in Sources */,
			);
			runOnlyForDeploymentPostprocessing = 0;
		};
		6C7D8B26218C554200AC8372 /* Sources */ = {
			isa = PBXSourcesBuildPhase;
			buildActionMask = 2147483647;
			files = (
				6C7D8B2F218C554200AC8372 /* FadingNavLayoutsTests.swift in Sources */,
			);
			runOnlyForDeploymentPostprocessing = 0;
		};
		6C7D8B31218C554200AC8372 /* Sources */ = {
			isa = PBXSourcesBuildPhase;
			buildActionMask = 2147483647;
			files = (
				6C7D8B3A218C554200AC8372 /* FadingNavLayoutsUITests.swift in Sources */,
			);
			runOnlyForDeploymentPostprocessing = 0;
		};
/* End PBXSourcesBuildPhase section */

/* Begin PBXTargetDependency section */
		6C7D8B2C218C554200AC8372 /* PBXTargetDependency */ = {
			isa = PBXTargetDependency;
			target = 6C7D8B15218C553D00AC8372 /* FadingNavLayouts */;
			targetProxy = 6C7D8B2B218C554200AC8372 /* PBXContainerItemProxy */;
		};
		6C7D8B37218C554200AC8372 /* PBXTargetDependency */ = {
			isa = PBXTargetDependency;
			target = 6C7D8B15218C553D00AC8372 /* FadingNavLayouts */;
			targetProxy = 6C7D8B36218C554200AC8372 /* PBXContainerItemProxy */;
		};
/* End PBXTargetDependency section */

/* Begin PBXVariantGroup section */
		6C7D8B1D218C553D00AC8372 /* Main.storyboard */ = {
			isa = PBXVariantGroup;
			children = (
				6C7D8B1E218C553D00AC8372 /* Base */,
			);
			name = Main.storyboard;
			sourceTree = "<group>";
		};
		6C7D8B22218C554200AC8372 /* LaunchScreen.storyboard */ = {
			isa = PBXVariantGroup;
			children = (
				6C7D8B23218C554200AC8372 /* Base */,
			);
			name = LaunchScreen.storyboard;
			sourceTree = "<group>";
		};
/* End PBXVariantGroup section */

/* Begin XCBuildConfiguration section */
		6C7D8B3C218C554200AC8372 /* Debug */ = {
			isa = XCBuildConfiguration;
			buildSettings = {
				ALWAYS_SEARCH_USER_PATHS = NO;
				CLANG_ANALYZER_NONNULL = YES;
				CLANG_ANALYZER_NUMBER_OBJECT_CONVERSION = YES_AGGRESSIVE;
				CLANG_CXX_LANGUAGE_STANDARD = "gnu++14";
				CLANG_CXX_LIBRARY = "libc++";
				CLANG_ENABLE_MODULES = YES;
				CLANG_ENABLE_OBJC_ARC = YES;
				CLANG_ENABLE_OBJC_WEAK = YES;
				CLANG_WARN_BLOCK_CAPTURE_AUTORELEASING = YES;
				CLANG_WARN_BOOL_CONVERSION = YES;
				CLANG_WARN_COMMA = YES;
				CLANG_WARN_CONSTANT_CONVERSION = YES;
				CLANG_WARN_DEPRECATED_OBJC_IMPLEMENTATIONS = YES;
				CLANG_WARN_DIRECT_OBJC_ISA_USAGE = YES_ERROR;
				CLANG_WARN_DOCUMENTATION_COMMENTS = YES;
				CLANG_WARN_EMPTY_BODY = YES;
				CLANG_WARN_ENUM_CONVERSION = YES;
				CLANG_WARN_INFINITE_RECURSION = YES;
				CLANG_WARN_INT_CONVERSION = YES;
				CLANG_WARN_NON_LITERAL_NULL_CONVERSION = YES;
				CLANG_WARN_OBJC_IMPLICIT_RETAIN_SELF = YES;
				CLANG_WARN_OBJC_LITERAL_CONVERSION = YES;
				CLANG_WARN_OBJC_ROOT_CLASS = YES_ERROR;
				CLANG_WARN_RANGE_LOOP_ANALYSIS = YES;
				CLANG_WARN_STRICT_PROTOTYPES = YES;
				CLANG_WARN_SUSPICIOUS_MOVE = YES;
				CLANG_WARN_UNGUARDED_AVAILABILITY = YES_AGGRESSIVE;
				CLANG_WARN_UNREACHABLE_CODE = YES;
				CLANG_WARN__DUPLICATE_METHOD_MATCH = YES;
				CODE_SIGN_IDENTITY = "iPhone Developer";
				COPY_PHASE_STRIP = NO;
				DEBUG_INFORMATION_FORMAT = dwarf;
				ENABLE_STRICT_OBJC_MSGSEND = YES;
				ENABLE_TESTABILITY = YES;
				GCC_C_LANGUAGE_STANDARD = gnu11;
				GCC_DYNAMIC_NO_PIC = NO;
				GCC_NO_COMMON_BLOCKS = YES;
				GCC_OPTIMIZATION_LEVEL = 0;
				GCC_PREPROCESSOR_DEFINITIONS = (
					"DEBUG=1",
					"$(inherited)",
				);
				GCC_WARN_64_TO_32_BIT_CONVERSION = YES;
				GCC_WARN_ABOUT_RETURN_TYPE = YES_ERROR;
				GCC_WARN_UNDECLARED_SELECTOR = YES;
				GCC_WARN_UNINITIALIZED_AUTOS = YES_AGGRESSIVE;
				GCC_WARN_UNUSED_FUNCTION = YES;
				GCC_WARN_UNUSED_VARIABLE = YES;
				IPHONEOS_DEPLOYMENT_TARGET = 11.3;
				MTL_ENABLE_DEBUG_INFO = YES;
				ONLY_ACTIVE_ARCH = YES;
				SDKROOT = iphoneos;
				SWIFT_ACTIVE_COMPILATION_CONDITIONS = DEBUG;
				SWIFT_OPTIMIZATION_LEVEL = "-Onone";
			};
			name = Debug;
		};
		6C7D8B3D218C554200AC8372 /* Release */ = {
			isa = XCBuildConfiguration;
			buildSettings = {
				ALWAYS_SEARCH_USER_PATHS = NO;
				CLANG_ANALYZER_NONNULL = YES;
				CLANG_ANALYZER_NUMBER_OBJECT_CONVERSION = YES_AGGRESSIVE;
				CLANG_CXX_LANGUAGE_STANDARD = "gnu++14";
				CLANG_CXX_LIBRARY = "libc++";
				CLANG_ENABLE_MODULES = YES;
				CLANG_ENABLE_OBJC_ARC = YES;
				CLANG_ENABLE_OBJC_WEAK = YES;
				CLANG_WARN_BLOCK_CAPTURE_AUTORELEASING = YES;
				CLANG_WARN_BOOL_CONVERSION = YES;
				CLANG_WARN_COMMA = YES;
				CLANG_WARN_CONSTANT_CONVERSION = YES;
				CLANG_WARN_DEPRECATED_OBJC_IMPLEMENTATIONS = YES;
				CLANG_WARN_DIRECT_OBJC_ISA_USAGE = YES_ERROR;
				CLANG_WARN_DOCUMENTATION_COMMENTS = YES;
				CLANG_WARN_EMPTY_BODY = YES;
				CLANG_WARN_ENUM_CONVERSION = YES;
				CLANG_WARN_INFINITE_RECURSION = YES;
				CLANG_WARN_INT_CONVERSION = YES;
				CLANG_WARN_NON_LITERAL_NULL_CONVERSION = YES;
				CLANG_WARN_OBJC_IMPLICIT_RETAIN_SELF = YES;
				CLANG_WARN_OBJC_LITERAL_CONVERSION = YES;
				CLANG_WARN_OBJC_ROOT_CLASS = YES_ERROR;
				CLANG_WARN_RANGE_LOOP_ANALYSIS = YES;
				CLANG_WARN_STRICT_PROTOTYPES = YES;
				CLANG_WARN_SUSPICIOUS_MOVE = YES;
				CLANG_WARN_UNGUARDED_AVAILABILITY = YES_AGGRESSIVE;
				CLANG_WARN_UNREACHABLE_CODE = YES;
				CLANG_WARN__DUPLICATE_METHOD_MATCH = YES;
				CODE_SIGN_IDENTITY = "iPhone Developer";
				COPY_PHASE_STRIP = NO;
				DEBUG_INFORMATION_FORMAT = "dwarf-with-dsym";
				ENABLE_NS_ASSERTIONS = NO;
				ENABLE_STRICT_OBJC_MSGSEND = YES;
				GCC_C_LANGUAGE_STANDARD = gnu11;
				GCC_NO_COMMON_BLOCKS = YES;
				GCC_WARN_64_TO_32_BIT_CONVERSION = YES;
				GCC_WARN_ABOUT_RETURN_TYPE = YES_ERROR;
				GCC_WARN_UNDECLARED_SELECTOR = YES;
				GCC_WARN_UNINITIALIZED_AUTOS = YES_AGGRESSIVE;
				GCC_WARN_UNUSED_FUNCTION = YES;
				GCC_WARN_UNUSED_VARIABLE = YES;
				IPHONEOS_DEPLOYMENT_TARGET = 11.3;
				MTL_ENABLE_DEBUG_INFO = NO;
				SDKROOT = iphoneos;
				SWIFT_COMPILATION_MODE = wholemodule;
				SWIFT_OPTIMIZATION_LEVEL = "-O";
				VALIDATE_PRODUCT = YES;
			};
			name = Release;
		};
		6C7D8B3F218C554200AC8372 /* Debug */ = {
			isa = XCBuildConfiguration;
			buildSettings = {
				ASSETCATALOG_COMPILER_APPICON_NAME = AppIcon;
				CODE_SIGN_STYLE = Automatic;
				DEVELOPMENT_TEAM = 6434W8BZN9;
				INFOPLIST_FILE = FadingNavLayouts/Info.plist;
				LD_RUNPATH_SEARCH_PATHS = (
					"$(inherited)",
					"@executable_path/Frameworks",
				);
				PRODUCT_BUNDLE_IDENTIFIER = com.elhami.FadingNavLayouts;
				PRODUCT_NAME = "$(TARGET_NAME)";
				SWIFT_VERSION = 4.0;
				TARGETED_DEVICE_FAMILY = "1,2";
			};
			name = Debug;
		};
		6C7D8B40218C554200AC8372 /* Release */ = {
			isa = XCBuildConfiguration;
			buildSettings = {
				ASSETCATALOG_COMPILER_APPICON_NAME = AppIcon;
				CODE_SIGN_STYLE = Automatic;
				DEVELOPMENT_TEAM = 6434W8BZN9;
				INFOPLIST_FILE = FadingNavLayouts/Info.plist;
				LD_RUNPATH_SEARCH_PATHS = (
					"$(inherited)",
					"@executable_path/Frameworks",
				);
				PRODUCT_BUNDLE_IDENTIFIER = com.elhami.FadingNavLayouts;
				PRODUCT_NAME = "$(TARGET_NAME)";
				SWIFT_VERSION = 4.0;
				TARGETED_DEVICE_FAMILY = "1,2";
			};
			name = Release;
		};
		6C7D8B42218C554200AC8372 /* Debug */ = {
			isa = XCBuildConfiguration;
			buildSettings = {
				ALWAYS_EMBED_SWIFT_STANDARD_LIBRARIES = YES;
				BUNDLE_LOADER = "$(TEST_HOST)";
				CODE_SIGN_STYLE = Automatic;
				DEVELOPMENT_TEAM = 6434W8BZN9;
				INFOPLIST_FILE = FadingNavLayoutsTests/Info.plist;
				LD_RUNPATH_SEARCH_PATHS = (
					"$(inherited)",
					"@executable_path/Frameworks",
					"@loader_path/Frameworks",
				);
				PRODUCT_BUNDLE_IDENTIFIER = com.elhami.FadingNavLayoutsTests;
				PRODUCT_NAME = "$(TARGET_NAME)";
				SWIFT_VERSION = 4.0;
				TARGETED_DEVICE_FAMILY = "1,2";
				TEST_HOST = "$(BUILT_PRODUCTS_DIR)/FadingNavLayouts.app/FadingNavLayouts";
			};
			name = Debug;
		};
		6C7D8B43218C554200AC8372 /* Release */ = {
			isa = XCBuildConfiguration;
			buildSettings = {
				ALWAYS_EMBED_SWIFT_STANDARD_LIBRARIES = YES;
				BUNDLE_LOADER = "$(TEST_HOST)";
				CODE_SIGN_STYLE = Automatic;
				DEVELOPMENT_TEAM = 6434W8BZN9;
				INFOPLIST_FILE = FadingNavLayoutsTests/Info.plist;
				LD_RUNPATH_SEARCH_PATHS = (
					"$(inherited)",
					"@executable_path/Frameworks",
					"@loader_path/Frameworks",
				);
				PRODUCT_BUNDLE_IDENTIFIER = com.elhami.FadingNavLayoutsTests;
				PRODUCT_NAME = "$(TARGET_NAME)";
				SWIFT_VERSION = 4.0;
				TARGETED_DEVICE_FAMILY = "1,2";
				TEST_HOST = "$(BUILT_PRODUCTS_DIR)/FadingNavLayouts.app/FadingNavLayouts";
			};
			name = Release;
		};
		6C7D8B45218C554200AC8372 /* Debug */ = {
			isa = XCBuildConfiguration;
			buildSettings = {
				ALWAYS_EMBED_SWIFT_STANDARD_LIBRARIES = YES;
				CODE_SIGN_STYLE = Automatic;
				DEVELOPMENT_TEAM = 6434W8BZN9;
				INFOPLIST_FILE = FadingNavLayoutsUITests/Info.plist;
				LD_RUNPATH_SEARCH_PATHS = (
					"$(inherited)",
					"@executable_path/Frameworks",
					"@loader_path/Frameworks",
				);
				PRODUCT_BUNDLE_IDENTIFIER = com.elhami.FadingNavLayoutsUITests;
				PRODUCT_NAME = "$(TARGET_NAME)";
				SWIFT_VERSION = 4.0;
				TARGETED_DEVICE_FAMILY = "1,2";
				TEST_TARGET_NAME = FadingNavLayouts;
			};
			name = Debug;
		};
		6C7D8B46218C554200AC8372 /* Release */ = {
			isa = XCBuildConfiguration;
			buildSettings = {
				ALWAYS_EMBED_SWIFT_STANDARD_LIBRARIES = YES;
				CODE_SIGN_STYLE = Automatic;
				DEVELOPMENT_TEAM = 6434W8BZN9;
				INFOPLIST_FILE = FadingNavLayoutsUITests/Info.plist;
				LD_RUNPATH_SEARCH_PATHS = (
					"$(inherited)",
					"@executable_path/Frameworks",
					"@loader_path/Frameworks",
				);
				PRODUCT_BUNDLE_IDENTIFIER = com.elhami.FadingNavLayoutsUITests;
				PRODUCT_NAME = "$(TARGET_NAME)";
				SWIFT_VERSION = 4.0;
				TARGETED_DEVICE_FAMILY = "1,2";
				TEST_TARGET_NAME = FadingNavLayouts;
			};
			name = Release;
		};
/* End XCBuildConfiguration section */

/* Begin XCConfigurationList section */
		6C7D8B11218C553D00AC8372 /* Build configuration list for PBXProject "FadingNavLayouts" */ = {
			isa = XCConfigurationList;
			buildConfigurations = (
				6C7D8B3C218C554200AC8372 /* Debug */,
				6C7D8B3D218C554200AC8372 /* Release */,
			);
			defaultConfigurationIsVisible = 0;
			defaultConfigurationName = Release;
		};
		6C7D8B3E218C554200AC8372 /* Build configuration list for PBXNativeTarget "FadingNavLayouts" */ = {
			isa = XCConfigurationList;
			buildConfigurations = (
				6C7D8B3F218C554200AC8372 /* Debug */,
				6C7D8B40218C554200AC8372 /* Release */,
			);
			defaultConfigurationIsVisible = 0;
			defaultConfigurationName = Release;
		};
		6C7D8B41218C554200AC8372 /* Build configuration list for PBXNativeTarget "FadingNavLayoutsTests" */ = {
			isa = XCConfigurationList;
			buildConfigurations = (
				6C7D8B42218C554200AC8372 /* Debug */,
				6C7D8B43218C554200AC8372 /* Release */,
			);
			defaultConfigurationIsVisible = 0;
			defaultConfigurationName = Release;
		};
		6C7D8B44218C554200AC8372 /* Build configuration list for PBXNativeTarget "FadingNavLayoutsUITests" */ = {
			isa = XCConfigurationList;
			buildConfigurations = (
				6C7D8B45218C554200AC8372 /* Debug */,
				6C7D8B46218C554200AC8372 /* Release */,
			);
			defaultConfigurationIsVisible = 0;
			defaultConfigurationName = Release;
		};
/* End XCConfigurationList section */
	};
	rootObject = 6C7D8B0E218C553D00AC8372 /* Project object */;
}
